github.com/imfing/hextra v0.2.8 h1:cddEH9gnJS78Bh8FjHnCUGQfeLNgofIRuCUUrOd8Q6U=
github.com/imfing/hextra v0.2.8/go.mod h1:cEfel3lU/bSx7lTE/+uuR4GJaphyOyiwNR3PTqFTXpI=
github.com/imfing/hextra v0.2.9 h1:odBzfCoHqpMGwTodFS7vZAm9gmRqSiPm+aRw6uo64kI=
github.com/imfing/hextra v0.2.9/go.mod h1:cEfel3lU/bSx7lTE/+uuR4GJaphyOyiwNR3PTqFTXpI=
github.com/imfing/hextra v0.3.0 h1:+JMYIhQ1HwXO4HoJDeSf57oyIecaoY+6O/p0l0p9T18=
github.com/imfing/hextra v0.3.0/go.mod h1:cEfel3lU/bSx7lTE/+uuR4GJaphyOyiwNR3PTqFTXpI=
